{
  "requires": true,
  "lockfileVersion": 1,
  "dependencies": {
    "bootstrap": {
      "version": "4.1.1",
      "resolved": "https://registry.npmjs.org/bootstrap/-/bootstrap-4.1.1.tgz",
      "integrity": "sha512-SpiDSOcbg4J/PjVSt4ny5eY6j74VbVSjROY4Fb/WIUXBV9cnb5luyR4KnPvNoXuGnBK1T+nJIWqRsvU3yP8Mcg=="
    },
    "bootstrap4-plus-jquery": {
      "version": "4.0.0-alpha.2.4",
      "resolved": "https://registry.npmjs.org/bootstrap4-plus-jquery/-/bootstrap4-plus-jquery-4.0.0-alpha.2.4.tgz",
      "integrity": "sha1-x1RMJjOFOMis0qsf964pDOMtm7Y=",
      "requires": {
        "jquery": "^2.2.1",
        "tether": "^1.2.0"
      }
    },
    "jquery": {
      "version": "2.2.4",
      "resolved": "https://registry.npmjs.org/jquery/-/jquery-2.2.4.tgz",
      "integrity": "sha1-LInWiJterFIqfuoywUUhVZxsvwI="
    },
    "tether": {
      "version": "1.4.4",
      "resolved": "https://registry.npmjs.org/tether/-/tether-1.4.4.tgz",
      "integrity": "sha512-bagKeRRo3vEynHnO3GB7/jB3Q4YIf0mN7gXM/nR0wZvNHkPrwmZemg1w0C32JZP0prHZUwxGwoX5CdA7tuIDEw=="
    }
  }
}
